// !$*UTF8*$!
{
	archiveVersion = 1;
	classes = {
	};
	objectVersion = 46;
	objects = {

/* Begin PBXBuildFile section */
		5A08DC071CABCD4F006C709F /* AppDelegate.swift in Sources */ = {isa = PBXBuildFile; fileRef = 5A08DC061CABCD4F006C709F /* AppDelegate.swift */; };
		5A08DC091CABCD4F006C709F /* ViewController.swift in Sources */ = {isa = PBXBuildFile; fileRef = 5A08DC081CABCD4F006C709F /* ViewController.swift */; };
		5A08DC0C1CABCD4F006C709F /* Main.storyboard in Resources */ = {isa = PBXBuildFile; fileRef = 5A08DC0A1CABCD4F006C709F /* Main.storyboard */; };
		5A08DC0E1CABCD4F006C709F /* Assets.xcassets in Resources */ = {isa = PBXBuildFile; fileRef = 5A08DC0D1CABCD4F006C709F /* Assets.xcassets */; };
		5A08DC111CABCD4F006C709F /* LaunchScreen.storyboard in Resources */ = {isa = PBXBuildFile; fileRef = 5A08DC0F1CABCD4F006C709F /* LaunchScreen.storyboard */; };
		5A08DC191CABCDB1006C709F /* KinveyKit.framework in Frameworks */ = {isa = PBXBuildFile; fileRef = 5A08DC181CABCDB1006C709F /* KinveyKit.framework */; };
		5A08DC1D1CABCE64006C709F /* Accounts.framework in Frameworks */ = {isa = PBXBuildFile; fileRef = 5A08DC1A1CABCE64006C709F /* Accounts.framework */; };
		5A08DC1E1CABCE64006C709F /* CoreGraphics.framework in Frameworks */ = {isa = PBXBuildFile; fileRef = 5A08DC1B1CABCE64006C709F /* CoreGraphics.framework */; };
		5A08DC1F1CABCE64006C709F /* CoreLocation.framework in Frameworks */ = {isa = PBXBuildFile; fileRef = 5A08DC1C1CABCE64006C709F /* CoreLocation.framework */; };
		5A08DC211CABCE76006C709F /* libsqlite3.0.tbd in Frameworks */ = {isa = PBXBuildFile; fileRef = 5A08DC201CABCE76006C709F /* libsqlite3.0.tbd */; };
		5A08DC231CABCE8C006C709F /* MobileCoreServices.framework in Frameworks */ = {isa = PBXBuildFile; fileRef = 5A08DC221CABCE8C006C709F /* MobileCoreServices.framework */; };
		5A08DC251CABCE95006C709F /* Security.framework in Frameworks */ = {isa = PBXBuildFile; fileRef = 5A08DC241CABCE95006C709F /* Security.framework */; };
		5A08DC271CABCE9D006C709F /* Social.framework in Frameworks */ = {isa = PBXBuildFile; fileRef = 5A08DC261CABCE9D006C709F /* Social.framework */; };
		5A08DC291CABCEAC006C709F /* SystemConfiguration.framework in Frameworks */ = {isa = PBXBuildFile; fileRef = 5A08DC281CABCEAC006C709F /* SystemConfiguration.framework */; };
		5A08DC2B1CABCEBA006C709F /* WebKit.framework in Frameworks */ = {isa = PBXBuildFile; fileRef = 5A08DC2A1CABCEBA006C709F /* WebKit.framework */; settings = {ATTRIBUTES = (Weak, ); }; };
		5A08DC2E1CABD4FA006C709F /* JobRole.swift in Sources */ = {isa = PBXBuildFile; fileRef = 5A08DC2D1CABD4FA006C709F /* JobRole.swift */; };
/* End PBXBuildFile section */

/* Begin PBXFileReference section */
		5A08DC031CABCD4F006C709F /* TestKinvey.app */ = {isa = PBXFileReference; explicitFileType = wrapper.application; includeInIndex = 0; path = TestKinvey.app; sourceTree = BUILT_PRODUCTS_DIR; };
		5A08DC061CABCD4F006C709F /* AppDelegate.swift */ = {isa = PBXFileReference; lastKnownFileType = sourcecode.swift; path = AppDelegate.swift; sourceTree = "<group>"; };
		5A08DC081CABCD4F006C709F /* ViewController.swift */ = {isa = PBXFileReference; lastKnownFileType = sourcecode.swift; path = ViewController.swift; sourceTree = "<group>"; };
		5A08DC0B1CABCD4F006C709F /* Base */ = {isa = PBXFileReference; lastKnownFileType = file.storyboard; name = Base; path = Base.lproj/Main.storyboard; sourceTree = "<group>"; };
		5A08DC0D1CABCD4F006C709F /* Assets.xcassets */ = {isa = PBXFileReference; lastKnownFileType = folder.assetcatalog; path = Assets.xcassets; sourceTree = "<group>"; };
		5A08DC101CABCD4F006C709F /* Base */ = {isa = PBXFileReference; lastKnownFileType = file.storyboard; name = Base; path = Base.lproj/LaunchScreen.storyboard; sourceTree = "<group>"; };
		5A08DC121CABCD4F006C709F /* Info.plist */ = {isa = PBXFileReference; lastKnownFileType = text.plist.xml; path = Info.plist; sourceTree = "<group>"; };
		5A08DC181CABCDB1006C709F /* KinveyKit.framework */ = {isa = PBXFileReference; lastKnownFileType = wrapper.framework; path = KinveyKit.framework; sourceTree = "<group>"; };
		5A08DC1A1CABCE64006C709F /* Accounts.framework */ = {isa = PBXFileReference; lastKnownFileType = wrapper.framework; name = Accounts.framework; path = System/Library/Frameworks/Accounts.framework; sourceTree = SDKROOT; };
		5A08DC1B1CABCE64006C709F /* CoreGraphics.framework */ = {isa = PBXFileReference; lastKnownFileType = wrapper.framework; name = CoreGraphics.framework; path = System/Library/Frameworks/CoreGraphics.framework; sourceTree = SDKROOT; };
		5A08DC1C1CABCE64006C709F /* CoreLocation.framework */ = {isa = PBXFileReference; lastKnownFileType = wrapper.framework; name = CoreLocation.framework; path = System/Library/Frameworks/CoreLocation.framework; sourceTree = SDKROOT; };
		5A08DC201CABCE76006C709F /* libsqlite3.0.tbd */ = {isa = PBXFileReference; lastKnownFileType = "sourcecode.text-based-dylib-definition"; name = libsqlite3.0.tbd; path = usr/lib/libsqlite3.0.tbd; sourceTree = SDKROOT; };
		5A08DC221CABCE8C006C709F /* MobileCoreServices.framework */ = {isa = PBXFileReference; lastKnownFileType = wrapper.framework; name = MobileCoreServices.framework; path = System/Library/Frameworks/MobileCoreServices.framework; sourceTree = SDKROOT; };
		5A08DC241CABCE95006C709F /* Security.framework */ = {isa = PBXFileReference; lastKnownFileType = wrapper.framework; name = Security.framework; path = System/Library/Frameworks/Security.framework; sourceTree = SDKROOT; };
		5A08DC261CABCE9D006C709F /* Social.framework */ = {isa = PBXFileReference; lastKnownFileType = wrapper.framework; name = Social.framework; path = System/Library/Frameworks/Social.framework; sourceTree = SDKROOT; };
		5A08DC281CABCEAC006C709F /* SystemConfiguration.framework */ = {isa = PBXFileReference; lastKnownFileType = wrapper.framework; name = SystemConfiguration.framework; path = System/Library/Frameworks/SystemConfiguration.framework; sourceTree = SDKROOT; };
		5A08DC2A1CABCEBA006C709F /* WebKit.framework */ = {isa = PBXFileReference; lastKnownFileType = wrapper.framework; name = WebKit.framework; path = System/Library/Frameworks/WebKit.framework; sourceTree = SDKROOT; };
		5A08DC2C1CABD02A006C709F /* TestKinvey-Bridging-Header.h */ = {isa = PBXFileReference; lastKnownFileType = sourcecode.c.h; path = "TestKinvey-Bridging-Header.h"; sourceTree = "<group>"; };
		5A08DC2D1CABD4FA006C709F /* JobRole.swift */ = {isa = PBXFileReference; fileEncoding = 4; lastKnownFileType = sourcecode.swift; path = JobRole.swift; sourceTree = "<group>"; };
/* End PBXFileReference section */

/* Begin PBXFrameworksBuildPhase section */
		5A08DC001CABCD4F006C709F /* Frameworks */ = {
			isa = PBXFrameworksBuildPhase;
			buildActionMask = 2147483647;
			files = (
				5A08DC2B1CABCEBA006C709F /* WebKit.framework in Frameworks */,
				5A08DC291CABCEAC006C709F /* SystemConfiguration.framework in Frameworks */,
				5A08DC271CABCE9D006C709F /* Social.framework in Frameworks */,
				5A08DC251CABCE95006C709F /* Security.framework in Frameworks */,
				5A08DC231CABCE8C006C709F /* MobileCoreServices.framework in Frameworks */,
				5A08DC211CABCE76006C709F /* libsqlite3.0.tbd in Frameworks */,
				5A08DC1D1CABCE64006C709F /* Accounts.framework in Frameworks */,
				5A08DC1E1CABCE64006C709F /* CoreGraphics.framework in Frameworks */,
				5A08DC1F1CABCE64006C709F /* CoreLocation.framework in Frameworks */,
				5A08DC191CABCDB1006C709F /* KinveyKit.framework in Frameworks */,
			);
			runOnlyForDeploymentPostprocessing = 0;
		};
/* End PBXFrameworksBuildPhase section */

/* Begin PBXGroup section */
		5A08DBFA1CABCD4F006C709F = {
			isa = PBXGroup;
			children = (
				5A08DC2A1CABCEBA006C709F /* WebKit.framework */,
				5A08DC281CABCEAC006C709F /* SystemConfiguration.framework */,
				5A08DC261CABCE9D006C709F /* Social.framework */,
				5A08DC241CABCE95006C709F /* Security.framework */,
				5A08DC221CABCE8C006C709F /* MobileCoreServices.framework */,
				5A08DC201CABCE76006C709F /* libsqlite3.0.tbd */,
				5A08DC1A1CABCE64006C709F /* Accounts.framework */,
				5A08DC1B1CABCE64006C709F /* CoreGraphics.framework */,
				5A08DC1C1CABCE64006C709F /* CoreLocation.framework */,
				5A08DC051CABCD4F006C709F /* TestKinvey */,
				5A08DC041CABCD4F006C709F /* Products */,
			);
			sourceTree = "<group>";
		};
		5A08DC041CABCD4F006C709F /* Products */ = {
			isa = PBXGroup;
			children = (
				5A08DC031CABCD4F006C709F /* TestKinvey.app */,
			);
			name = Products;
			sourceTree = "<group>";
		};
		5A08DC051CABCD4F006C709F /* TestKinvey */ = {
			isa = PBXGroup;
			children = (
				5A08DC061CABCD4F006C709F /* AppDelegate.swift */,
				5A08DC081CABCD4F006C709F /* ViewController.swift */,
				5A08DC0A1CABCD4F006C709F /* Main.storyboard */,
				5A08DC0D1CABCD4F006C709F /* Assets.xcassets */,
				5A08DC0F1CABCD4F006C709F /* LaunchScreen.storyboard */,
				5A08DC121CABCD4F006C709F /* Info.plist */,
				5A08DC181CABCDB1006C709F /* KinveyKit.framework */,
				5A08DC2C1CABD02A006C709F /* TestKinvey-Bridging-Header.h */,
				5A08DC2D1CABD4FA006C709F /* JobRole.swift */,
			);
			path = TestKinvey;
			sourceTree = "<group>";
		};
/* End PBXGroup section */

/* Begin PBXNativeTarget section */
		5A08DC021CABCD4F006C709F /* TestKinvey */ = {
			isa = PBXNativeTarget;
			buildConfigurationList = 5A08DC151CABCD4F006C709F /* Build configuration list for PBXNativeTarget "TestKinvey" */;
			buildPhases = (
				5A08DBFF1CABCD4F006C709F /* Sources */,
				5A08DC001CABCD4F006C709F /* Frameworks */,
				5A08DC011CABCD4F006C709F /* Resources */,
			);
			buildRules = (
			);
			dependencies = (
			);
			name = TestKinvey;
			productName = TestKinvey;
			productReference = 5A08DC031CABCD4F006C709F /* TestKinvey.app */;
			productType = "com.apple.product-type.application";
		};
/* End PBXNativeTarget section */

/* Begin PBXProject section */
		5A08DBFB1CABCD4F006C709F /* Project object */ = {
			isa = PBXProject;
			attributes = {
				LastSwiftUpdateCheck = 0720;
				LastUpgradeCheck = 0720;
				ORGANIZATIONNAME = mindscrub;
				TargetAttributes = {
					5A08DC021CABCD4F006C709F = {
						CreatedOnToolsVersion = 7.2;
						DevelopmentTeam = G79S48QSTM;
					};
				};
			};
			buildConfigurationList = 5A08DBFE1CABCD4F006C709F /* Build configuration list for PBXProject "TestKinvey" */;
			compatibilityVersion = "Xcode 3.2";
			developmentRegion = English;
			hasScannedForEncodings = 0;
			knownRegions = (
				en,
				Base,
			);
			mainGroup = 5A08DBFA1CABCD4F006C709F;
			productRefGroup = 5A08DC041CABCD4F006C709F /* Products */;
			projectDirPath = "";
			projectRoot = "";
			targets = (
				5A08DC021CABCD4F006C709F /* TestKinvey */,
			);
		};
/* End PBXProject section */

/* Begin PBXResourcesBuildPhase section */
		5A08DC011CABCD4F006C709F /* Resources */ = {
			isa = PBXResourcesBuildPhase;
			buildActionMask = 2147483647;
			files = (
				5A08DC111CABCD4F006C709F /* LaunchScreen.storyboard in Resources */,
				5A08DC0E1CABCD4F006C709F /* Assets.xcassets in Resources */,
				5A08DC0C1CABCD4F006C709F /* Main.storyboard in Resources */,
			);
			runOnlyForDeploymentPostprocessing = 0;
		};
/* End PBXResourcesBuildPhase section */

/* Begin PBXSourcesBuildPhase section */
		5A08DBFF1CABCD4F006C709F /* Sources */ = {
			isa = PBXSourcesBuildPhase;
			buildActionMask = 2147483647;
			files = (
				5A08DC2E1CABD4FA006C709F /* JobRole.swift in Sources */,
				5A08DC091CABCD4F006C709F /* ViewController.swift in Sources */,
				5A08DC071CABCD4F006C709F /* AppDelegate.swift in Sources */,
			);
			runOnlyForDeploymentPostprocessing = 0;
		};
/* End PBXSourcesBuildPhase section */

/* Begin PBXVariantGroup section */
		5A08DC0A1CABCD4F006C709F /* Main.storyboard */ = {
			isa = PBXVariantGroup;
			children = (
				5A08DC0B1CABCD4F006C709F /* Base */,
			);
			name = Main.storyboard;
			sourceTree = "<group>";
		};
		5A08DC0F1CABCD4F006C709F /* LaunchScreen.storyboard */ = {
			isa = PBXVariantGroup;
			children = (
				5A08DC101CABCD4F006C709F /* Base */,
			);
			name = LaunchScreen.storyboard;
			sourceTree = "<group>";
		};
/* End PBXVariantGroup section */

/* Begin XCBuildConfiguration section */
		5A08DC131CABCD4F006C709F /* Debug */ = {
			isa = XCBuildConfiguration;
			buildSettings = {
				ALWAYS_SEARCH_USER_PATHS = NO;
				CLANG_CXX_LANGUAGE_STANDARD = "gnu++0x";
				CLANG_CXX_LIBRARY = "libc++";
				CLANG_ENABLE_MODULES = YES;
				CLANG_ENABLE_OBJC_ARC = YES;
				CLANG_WARN_BOOL_CONVERSION = YES;
				CLANG_WARN_CONSTANT_CONVERSION = YES;
				CLANG_WARN_DIRECT_OBJC_ISA_USAGE = YES_ERROR;
				CLANG_WARN_EMPTY_BODY = YES;
				CLANG_WARN_ENUM_CONVERSION = YES;
				CLANG_WARN_INT_CONVERSION = YES;
				CLANG_WARN_OBJC_ROOT_CLASS = YES_ERROR;
				CLANG_WARN_UNREACHABLE_CODE = YES;
				CLANG_WARN__DUPLICATE_METHOD_MATCH = YES;
				CODE_SIGN_IDENTITY = "iPhone Distribution: Santosh Surve (G79S48QSTM)";
				"CODE_SIGN_IDENTITY[sdk=iphoneos*]" = "iPhone Distribution: Santosh Surve (G79S48QSTM)";
				COPY_PHASE_STRIP = NO;
				DEBUG_INFORMATION_FORMAT = dwarf;
				ENABLE_STRICT_OBJC_MSGSEND = YES;
				ENABLE_TESTABILITY = YES;
				GCC_C_LANGUAGE_STANDARD = gnu99;
				GCC_DYNAMIC_NO_PIC = NO;
				GCC_NO_COMMON_BLOCKS = YES;
				GCC_OPTIMIZATION_LEVEL = 0;
				GCC_PREPROCESSOR_DEFINITIONS = (
					"DEBUG=1",
					"$(inherited)",
				);
				GCC_WARN_64_TO_32_BIT_CONVERSION = YES;
				GCC_WARN_ABOUT_RETURN_TYPE = YES_ERROR;
				GCC_WARN_UNDECLARED_SELECTOR = YES;
				GCC_WARN_UNINITIALIZED_AUTOS = YES_AGGRESSIVE;
				GCC_WARN_UNUSED_FUNCTION = YES;
				GCC_WARN_UNUSED_VARIABLE = YES;
				IPHONEOS_DEPLOYMENT_TARGET = 9.2;
				MTL_ENABLE_DEBUG_INFO = YES;
				ONLY_ACTIVE_ARCH = YES;
				PROVISIONING_PROFILE = "d2574673-8df5-45b4-afac-bbc9461b9951";
				SDKROOT = iphoneos;
				SWIFT_OPTIMIZATION_LEVEL = "-Onone";
				TARGETED_DEVICE_FAMILY = "1,2";
			};
			name = Debug;
		};
		5A08DC141CABCD4F006C709F /* Release */ = {
			isa = XCBuildConfiguration;
			buildSettings = {
				ALWAYS_SEARCH_USER_PATHS = NO;
				CLANG_CXX_LANGUAGE_STANDARD = "gnu++0x";
				CLANG_CXX_LIBRARY = "libc++";
				CLANG_ENABLE_MODULES = YES;
				CLANG_ENABLE_OBJC_ARC = YES;
				CLANG_WARN_BOOL_CONVERSION = YES;
				CLANG_WARN_CONSTANT_CONVERSION = YES;
				CLANG_WARN_DIRECT_OBJC_ISA_USAGE = YES_ERROR;
				CLANG_WARN_EMPTY_BODY = YES;
				CLANG_WARN_ENUM_CONVERSION = YES;
				CLANG_WARN_INT_CONVERSION = YES;
				CLANG_WARN_OBJC_ROOT_CLASS = YES_ERROR;
				CLANG_WARN_UNREACHABLE_CODE = YES;
				CLANG_WARN__DUPLICATE_METHOD_MATCH = YES;
				CODE_SIGN_IDENTITY = "iPhone Distribution: Santosh Surve (G79S48QSTM)";
				"CODE_SIGN_IDENTITY[sdk=iphoneos*]" = "iPhone Distribution: Santosh Surve (G79S48QSTM)";
				COPY_PHASE_STRIP = NO;
				DEBUG_INFORMATION_FORMAT = "dwarf-with-dsym";
				ENABLE_NS_ASSERTIONS = NO;
				ENABLE_STRICT_OBJC_MSGSEND = YES;
				GCC_C_LANGUAGE_STANDARD = gnu99;
				GCC_NO_COMMON_BLOCKS = YES;
				GCC_WARN_64_TO_32_BIT_CONVERSION = YES;
				GCC_WARN_ABOUT_RETURN_TYPE = YES_ERROR;
				GCC_WARN_UNDECLARED_SELECTOR = YES;
				GCC_WARN_UNINITIALIZED_AUTOS = YES_AGGRESSIVE;
				GCC_WARN_UNUSED_FUNCTION = YES;
				GCC_WARN_UNUSED_VARIABLE = YES;
				IPHONEOS_DEPLOYMENT_TARGET = 9.2;
				MTL_ENABLE_DEBUG_INFO = NO;
				PROVISIONING_PROFILE = "d2574673-8df5-45b4-afac-bbc9461b9951";
				SDKROOT = iphoneos;
				TARGETED_DEVICE_FAMILY = "1,2";
				VALIDATE_PRODUCT = YES;
			};
			name = Release;
		};
		5A08DC161CABCD4F006C709F /* Debug */ = {
			isa = XCBuildConfiguration;
			buildSettings = {
				ASSETCATALOG_COMPILER_APPICON_NAME = AppIcon;
				CODE_SIGN_IDENTITY = "iPhone Developer";
				"CODE_SIGN_IDENTITY[sdk=iphoneos*]" = "iPhone Developer";
				FRAMEWORK_SEARCH_PATHS = (
					"$(inherited)",
					"$(PROJECT_DIR)/TestKinvey",
				);
				INFOPLIST_FILE = TestKinvey/Info.plist;
				LD_RUNPATH_SEARCH_PATHS = "$(inherited) @executable_path/Frameworks";
				OTHER_LDFLAGS = "-ObjC";
				PRODUCT_BUNDLE_IDENTIFIER = com.mindscrub.TestKinvey;
				PRODUCT_NAME = "$(TARGET_NAME)";
				PROVISIONING_PROFILE = "";
				SWIFT_OBJC_BRIDGING_HEADER = "TestKinvey/TestKinvey-Bridging-Header.h";
			};
			name = Debug;
		};
		5A08DC171CABCD4F006C709F /* Release */ = {
			isa = XCBuildConfiguration;
			buildSettings = {
				ASSETCATALOG_COMPILER_APPICON_NAME = AppIcon;
				CODE_SIGN_IDENTITY = "iPhone Developer";
				"CODE_SIGN_IDENTITY[sdk=iphoneos*]" = "iPhone Developer";
				FRAMEWORK_SEARCH_PATHS = (
					"$(inherited)",
					"$(PROJECT_DIR)/TestKinvey",
				);
				INFOPLIST_FILE = TestKinvey/Info.plist;
				LD_RUNPATH_SEARCH_PATHS = "$(inherited) @executable_path/Frameworks";
				OTHER_LDFLAGS = "-ObjC";
				PRODUCT_BUNDLE_IDENTIFIER = com.mindscrub.TestKinvey;
				PRODUCT_NAME = "$(TARGET_NAME)";
				PROVISIONING_PROFILE = "";
				SWIFT_OBJC_BRIDGING_HEADER = "TestKinvey/TestKinvey-Bridging-Header.h";
			};
			name = Release;
		};
/* End XCBuildConfiguration section */

/* Begin XCConfigurationList section */
		5A08DBFE1CABCD4F006C709F /* Build configuration list for PBXProject "TestKinvey" */ = {
			isa = XCConfigurationList;
			buildConfigurations = (
				5A08DC131CABCD4F006C709F /* Debug */,
				5A08DC141CABCD4F006C709F /* Release */,
			);
			defaultConfigurationIsVisible = 0;
			defaultConfigurationName = Release;
		};
		5A08DC151CABCD4F006C709F /* Build configuration list for PBXNativeTarget "TestKinvey" */ = {
			isa = XCConfigurationList;
			buildConfigurations = (
				5A08DC161CABCD4F006C709F /* Debug */,
				5A08DC171CABCD4F006C709F /* Release */,
			);
			defaultConfigurationIsVisible = 0;
			defaultConfigurationName = Release;
		};
/* End XCConfigurationList section */
	};
	rootObject = 5A08DBFB1CABCD4F006C709F /* Project object */;
}
